// !$*UTF8*$!
{
	archiveVersion = 1;
	classes = {
	};
	objectVersion = 50;
	objects = {

/* Begin PBXBuildFile section */
		E5E7F6BC21AF62790077CD15 /* AppDelegate.swift in Sources */ = {isa = PBXBuildFile; fileRef = E5E7F6BB21AF62790077CD15 /* AppDelegate.swift */; };
		E5E7F6C321AF62790077CD15 /* Main.storyboard in Resources */ = {isa = PBXBuildFile; fileRef = E5E7F6C121AF62790077CD15 /* Main.storyboard */; };
		E5E7F6C521AF627B0077CD15 /* Assets.xcassets in Resources */ = {isa = PBXBuildFile; fileRef = E5E7F6C421AF627B0077CD15 /* Assets.xcassets */; };
		E5E7F6C821AF627B0077CD15 /* LaunchScreen.storyboard in Resources */ = {isa = PBXBuildFile; fileRef = E5E7F6C621AF627B0077CD15 /* LaunchScreen.storyboard */; };
		E5E7F6D121AF62B00077CD15 /* Skill.storyboard in Resources */ = {isa = PBXBuildFile; fileRef = E5E7F6D021AF62B00077CD15 /* Skill.storyboard */; };
		E5E7F6D321AF66890077CD15 /* SkillTableViewController.swift in Sources */ = {isa = PBXBuildFile; fileRef = E5E7F6D221AF66890077CD15 /* SkillTableViewController.swift */; };
		E5E7F6D521AF67B20077CD15 /* general.json in Resources */ = {isa = PBXBuildFile; fileRef = E5E7F6D421AF67B20077CD15 /* general.json */; };
		E5E7F6D721AF68020077CD15 /* Skill.swift in Sources */ = {isa = PBXBuildFile; fileRef = E5E7F6D621AF68020077CD15 /* Skill.swift */; };
		E5E7F6D921AF6E180077CD15 /* SkillTableViewCell.swift in Sources */ = {isa = PBXBuildFile; fileRef = E5E7F6D821AF6E180077CD15 /* SkillTableViewCell.swift */; };
		E5E7F6DB21AF9BAD0077CD15 /* Skill+Level.swift in Sources */ = {isa = PBXBuildFile; fileRef = E5E7F6DA21AF9BAD0077CD15 /* Skill+Level.swift */; };
		E5E7F70121B0703C0077CD15 /* languages.json in Resources */ = {isa = PBXBuildFile; fileRef = E5E7F70021B0703C0077CD15 /* languages.json */; };
		E5E7F70321B070730077CD15 /* frameworks.json in Resources */ = {isa = PBXBuildFile; fileRef = E5E7F70221B070730077CD15 /* frameworks.json */; };
		E5E7F70521B070920077CD15 /* design.json in Resources */ = {isa = PBXBuildFile; fileRef = E5E7F70421B070920077CD15 /* design.json */; };
		E5E7F70921B077F90077CD15 /* Profile.storyboard in Resources */ = {isa = PBXBuildFile; fileRef = E5E7F70821B077F90077CD15 /* Profile.storyboard */; };
		E5E7F70C21B078F80077CD15 /* ProfileViewController.swift in Sources */ = {isa = PBXBuildFile; fileRef = E5E7F70B21B078F80077CD15 /* ProfileViewController.swift */; };
/* End PBXBuildFile section */

/* Begin PBXFileReference section */
		E5E7F6B821AF62790077CD15 /* Skills.app */ = {isa = PBXFileReference; explicitFileType = wrapper.application; includeInIndex = 0; path = Skills.app; sourceTree = BUILT_PRODUCTS_DIR; };
		E5E7F6BB21AF62790077CD15 /* AppDelegate.swift */ = {isa = PBXFileReference; lastKnownFileType = sourcecode.swift; path = AppDelegate.swift; sourceTree = "<group>"; };
		E5E7F6C221AF62790077CD15 /* Base */ = {isa = PBXFileReference; lastKnownFileType = file.storyboard; name = Base; path = Base.lproj/Main.storyboard; sourceTree = "<group>"; };
		E5E7F6C421AF627B0077CD15 /* Assets.xcassets */ = {isa = PBXFileReference; lastKnownFileType = folder.assetcatalog; path = Assets.xcassets; sourceTree = "<group>"; };
		E5E7F6C721AF627B0077CD15 /* Base */ = {isa = PBXFileReference; lastKnownFileType = file.storyboard; name = Base; path = Base.lproj/LaunchScreen.storyboard; sourceTree = "<group>"; };
		E5E7F6C921AF627B0077CD15 /* Info.plist */ = {isa = PBXFileReference; lastKnownFileType = text.plist.xml; path = Info.plist; sourceTree = "<group>"; };
		E5E7F6D021AF62B00077CD15 /* Skill.storyboard */ = {isa = PBXFileReference; lastKnownFileType = file.storyboard; path = Skill.storyboard; sourceTree = "<group>"; };
		E5E7F6D221AF66890077CD15 /* SkillTableViewController.swift */ = {isa = PBXFileReference; lastKnownFileType = sourcecode.swift; path = SkillTableViewController.swift; sourceTree = "<group>"; };
		E5E7F6D421AF67B20077CD15 /* general.json */ = {isa = PBXFileReference; lastKnownFileType = text.json; path = general.json; sourceTree = "<group>"; };
		E5E7F6D621AF68020077CD15 /* Skill.swift */ = {isa = PBXFileReference; lastKnownFileType = sourcecode.swift; path = Skill.swift; sourceTree = "<group>"; };
		E5E7F6D821AF6E180077CD15 /* SkillTableViewCell.swift */ = {isa = PBXFileReference; lastKnownFileType = sourcecode.swift; path = SkillTableViewCell.swift; sourceTree = "<group>"; };
		E5E7F6DA21AF9BAD0077CD15 /* Skill+Level.swift */ = {isa = PBXFileReference; lastKnownFileType = sourcecode.swift; path = "Skill+Level.swift"; sourceTree = "<group>"; };
		E5E7F6F821B0513D0077CD15 /* README.md */ = {isa = PBXFileReference; lastKnownFileType = net.daringfireball.markdown; path = README.md; sourceTree = "<group>"; };
		E5E7F70021B0703C0077CD15 /* languages.json */ = {isa = PBXFileReference; lastKnownFileType = text.json; path = languages.json; sourceTree = "<group>"; };
		E5E7F70221B070730077CD15 /* frameworks.json */ = {isa = PBXFileReference; lastKnownFileType = text.json; path = frameworks.json; sourceTree = "<group>"; };
		E5E7F70421B070920077CD15 /* design.json */ = {isa = PBXFileReference; lastKnownFileType = text.json; path = design.json; sourceTree = "<group>"; };
		E5E7F70821B077F90077CD15 /* Profile.storyboard */ = {isa = PBXFileReference; lastKnownFileType = file.storyboard; path = Profile.storyboard; sourceTree = "<group>"; };
		E5E7F70B21B078F80077CD15 /* ProfileViewController.swift */ = {isa = PBXFileReference; lastKnownFileType = sourcecode.swift; path = ProfileViewController.swift; sourceTree = "<group>"; };
		E5E7F70E21B0C5930077CD15 /* KokcharovSkillHierarchy2015.jpg */ = {isa = PBXFileReference; lastKnownFileType = image.jpeg; path = KokcharovSkillHierarchy2015.jpg; sourceTree = "<group>"; };
/* End PBXFileReference section */

/* Begin PBXFrameworksBuildPhase section */
		E5E7F6B521AF62790077CD15 /* Frameworks */ = {
			isa = PBXFrameworksBuildPhase;
			buildActionMask = 2147483647;
			files = (
			);
			runOnlyForDeploymentPostprocessing = 0;
		};
/* End PBXFrameworksBuildPhase section */

/* Begin PBXGroup section */
		E5E7F6AF21AF62790077CD15 = {
			isa = PBXGroup;
			children = (
				E5E7F70D21B0C5360077CD15 /* Resources */,
				E5E7F6F821B0513D0077CD15 /* README.md */,
				E5E7F6BA21AF62790077CD15 /* Skills */,
				E5E7F6B921AF62790077CD15 /* Products */,
			);
			sourceTree = "<group>";
		};
		E5E7F6B921AF62790077CD15 /* Products */ = {
			isa = PBXGroup;
			children = (
				E5E7F6B821AF62790077CD15 /* Skills.app */,
			);
			name = Products;
			sourceTree = "<group>";
		};
		E5E7F6BA21AF62790077CD15 /* Skills */ = {
			isa = PBXGroup;
			children = (
				E5E7F70A21B078020077CD15 /* Profile */,
				E5E7F6F921B06C390077CD15 /* Data */,
				E5E7F6CF21AF62A20077CD15 /* Skill */,
				E5E7F6FD21B06D3F0077CD15 /* Supporting Files */,
			);
			path = Skills;
			sourceTree = "<group>";
		};
		E5E7F6CF21AF62A20077CD15 /* Skill */ = {
			isa = PBXGroup;
			children = (
				E5E7F6FC21B06D2B0077CD15 /* Models */,
				E5E7F6FB21B06D200077CD15 /* Cells */,
				E5E7F6FA21B06D110077CD15 /* View Controllers */,
				E5E7F6D021AF62B00077CD15 /* Skill.storyboard */,
			);
			path = Skill;
			sourceTree = "<group>";
		};
		E5E7F6F921B06C390077CD15 /* Data */ = {
			isa = PBXGroup;
			children = (
				E5E7F6D421AF67B20077CD15 /* general.json */,
				E5E7F70021B0703C0077CD15 /* languages.json */,
				E5E7F70221B070730077CD15 /* frameworks.json */,
				E5E7F70421B070920077CD15 /* design.json */,
			);
			path = Data;
			sourceTree = "<group>";
		};
		E5E7F6FA21B06D110077CD15 /* View Controllers */ = {
			isa = PBXGroup;
			children = (
				E5E7F6D221AF66890077CD15 /* SkillTableViewController.swift */,
			);
			path = "View Controllers";
			sourceTree = "<group>";
		};
		E5E7F6FB21B06D200077CD15 /* Cells */ = {
			isa = PBXGroup;
			children = (
				E5E7F6D821AF6E180077CD15 /* SkillTableViewCell.swift */,
			);
			path = Cells;
			sourceTree = "<group>";
		};
		E5E7F6FC21B06D2B0077CD15 /* Models */ = {
			isa = PBXGroup;
			children = (
				E5E7F6D621AF68020077CD15 /* Skill.swift */,
				E5E7F6DA21AF9BAD0077CD15 /* Skill+Level.swift */,
			);
			path = Models;
			sourceTree = "<group>";
		};
		E5E7F6FD21B06D3F0077CD15 /* Supporting Files */ = {
			isa = PBXGroup;
			children = (
				E5E7F6C421AF627B0077CD15 /* Assets.xcassets */,
				E5E7F6BB21AF62790077CD15 /* AppDelegate.swift */,
				E5E7F6C121AF62790077CD15 /* Main.storyboard */,
				E5E7F6C621AF627B0077CD15 /* LaunchScreen.storyboard */,
				E5E7F6C921AF627B0077CD15 /* Info.plist */,
			);
			path = "Supporting Files";
			sourceTree = "<group>";
		};
		E5E7F70A21B078020077CD15 /* Profile */ = {
			isa = PBXGroup;
			children = (
				E5E7F70821B077F90077CD15 /* Profile.storyboard */,
				E5E7F70B21B078F80077CD15 /* ProfileViewController.swift */,
			);
			path = Profile;
			sourceTree = "<group>";
		};
		E5E7F70D21B0C5360077CD15 /* Resources */ = {
			isa = PBXGroup;
			children = (
				E5E7F70E21B0C5930077CD15 /* KokcharovSkillHierarchy2015.jpg */,
			);
			path = Resources;
			sourceTree = "<group>";
		};
/* End PBXGroup section */

/* Begin PBXNativeTarget section */
		E5E7F6B721AF62790077CD15 /* Skills */ = {
			isa = PBXNativeTarget;
			buildConfigurationList = E5E7F6CC21AF627B0077CD15 /* Build configuration list for PBXNativeTarget "Skills" */;
			buildPhases = (
				E5E7F6B421AF62790077CD15 /* Sources */,
				E5E7F6B521AF62790077CD15 /* Frameworks */,
				E5E7F6B621AF62790077CD15 /* Resources */,
			);
			buildRules = (
			);
			dependencies = (
			);
			name = Skills;
			productName = Skills;
			productReference = E5E7F6B821AF62790077CD15 /* Skills.app */;
			productType = "com.apple.product-type.application";
		};
/* End PBXNativeTarget section */

/* Begin PBXProject section */
		E5E7F6B021AF62790077CD15 /* Project object */ = {
			isa = PBXProject;
			attributes = {
				LastSwiftUpdateCheck = 1010;
				LastUpgradeCheck = 1010;
				ORGANIZATIONNAME = "Paweł Pela";
				TargetAttributes = {
					E5E7F6B721AF62790077CD15 = {
						CreatedOnToolsVersion = 10.1;
					};
				};
			};
			buildConfigurationList = E5E7F6B321AF62790077CD15 /* Build configuration list for PBXProject "Skills" */;
			compatibilityVersion = "Xcode 9.3";
			developmentRegion = en;
			hasScannedForEncodings = 0;
			knownRegions = (
				en,
				Base,
			);
			mainGroup = E5E7F6AF21AF62790077CD15;
			productRefGroup = E5E7F6B921AF62790077CD15 /* Products */;
			projectDirPath = "";
			projectRoot = "";
			targets = (
				E5E7F6B721AF62790077CD15 /* Skills */,
			);
		};
/* End PBXProject section */

/* Begin PBXResourcesBuildPhase section */
		E5E7F6B621AF62790077CD15 /* Resources */ = {
			isa = PBXResourcesBuildPhase;
			buildActionMask = 2147483647;
			files = (
				E5E7F6C821AF627B0077CD15 /* LaunchScreen.storyboard in Resources */,
				E5E7F6C521AF627B0077CD15 /* Assets.xcassets in Resources */,
				E5E7F70921B077F90077CD15 /* Profile.storyboard in Resources */,
				E5E7F6D121AF62B00077CD15 /* Skill.storyboard in Resources */,
				E5E7F70121B0703C0077CD15 /* languages.json in Resources */,
				E5E7F6D521AF67B20077CD15 /* general.json in Resources */,
				E5E7F70521B070920077CD15 /* design.json in Resources */,
				E5E7F6C321AF62790077CD15 /* Main.storyboard in Resources */,
				E5E7F70321B070730077CD15 /* frameworks.json in Resources */,
			);
			runOnlyForDeploymentPostprocessing = 0;
		};
/* End PBXResourcesBuildPhase section */

/* Begin PBXSourcesBuildPhase section */
		E5E7F6B421AF62790077CD15 /* Sources */ = {
			isa = PBXSourcesBuildPhase;
			buildActionMask = 2147483647;
			files = (
				E5E7F70C21B078F80077CD15 /* ProfileViewController.swift in Sources */,
				E5E7F6D721AF68020077CD15 /* Skill.swift in Sources */,
				E5E7F6D921AF6E180077CD15 /* SkillTableViewCell.swift in Sources */,
				E5E7F6DB21AF9BAD0077CD15 /* Skill+Level.swift in Sources */,
				E5E7F6BC21AF62790077CD15 /* AppDelegate.swift in Sources */,
				E5E7F6D321AF66890077CD15 /* SkillTableViewController.swift in Sources */,
			);
			runOnlyForDeploymentPostprocessing = 0;
		};
/* End PBXSourcesBuildPhase section */

/* Begin PBXVariantGroup section */
		E5E7F6C121AF62790077CD15 /* Main.storyboard */ = {
			isa = PBXVariantGroup;
			children = (
				E5E7F6C221AF62790077CD15 /* Base */,
			);
			name = Main.storyboard;
			sourceTree = "<group>";
		};
		E5E7F6C621AF627B0077CD15 /* LaunchScreen.storyboard */ = {
			isa = PBXVariantGroup;
			children = (
				E5E7F6C721AF627B0077CD15 /* Base */,
			);
			name = LaunchScreen.storyboard;
			sourceTree = "<group>";
		};
/* End PBXVariantGroup section */

/* Begin XCBuildConfiguration section */
		E5E7F6CA21AF627B0077CD15 /* Debug */ = {
			isa = XCBuildConfiguration;
			buildSettings = {
				ALWAYS_SEARCH_USER_PATHS = NO;
				CLANG_ANALYZER_NONNULL = YES;
				CLANG_ANALYZER_NUMBER_OBJECT_CONVERSION = YES_AGGRESSIVE;
				CLANG_CXX_LANGUAGE_STANDARD = "gnu++14";
				CLANG_CXX_LIBRARY = "libc++";
				CLANG_ENABLE_MODULES = YES;
				CLANG_ENABLE_OBJC_ARC = YES;
				CLANG_ENABLE_OBJC_WEAK = YES;
				CLANG_WARN_BLOCK_CAPTURE_AUTORELEASING = YES;
				CLANG_WARN_BOOL_CONVERSION = YES;
				CLANG_WARN_COMMA = YES;
				CLANG_WARN_CONSTANT_CONVERSION = YES;
				CLANG_WARN_DEPRECATED_OBJC_IMPLEMENTATIONS = YES;
				CLANG_WARN_DIRECT_OBJC_ISA_USAGE = YES_ERROR;
				CLANG_WARN_DOCUMENTATION_COMMENTS = YES;
				CLANG_WARN_EMPTY_BODY = YES;
				CLANG_WARN_ENUM_CONVERSION = YES;
				CLANG_WARN_INFINITE_RECURSION = YES;
				CLANG_WARN_INT_CONVERSION = YES;
				CLANG_WARN_NON_LITERAL_NULL_CONVERSION = YES;
				CLANG_WARN_OBJC_IMPLICIT_RETAIN_SELF = YES;
				CLANG_WARN_OBJC_LITERAL_CONVERSION = YES;
				CLANG_WARN_OBJC_ROOT_CLASS = YES_ERROR;
				CLANG_WARN_RANGE_LOOP_ANALYSIS = YES;
				CLANG_WARN_STRICT_PROTOTYPES = YES;
				CLANG_WARN_SUSPICIOUS_MOVE = YES;
				CLANG_WARN_UNGUARDED_AVAILABILITY = YES_AGGRESSIVE;
				CLANG_WARN_UNREACHABLE_CODE = YES;
				CLANG_WARN__DUPLICATE_METHOD_MATCH = YES;
				CODE_SIGN_IDENTITY = "iPhone Developer";
				COPY_PHASE_STRIP = NO;
				DEBUG_INFORMATION_FORMAT = dwarf;
				ENABLE_STRICT_OBJC_MSGSEND = YES;
				ENABLE_TESTABILITY = YES;
				GCC_C_LANGUAGE_STANDARD = gnu11;
				GCC_DYNAMIC_NO_PIC = NO;
				GCC_NO_COMMON_BLOCKS = YES;
				GCC_OPTIMIZATION_LEVEL = 0;
				GCC_PREPROCESSOR_DEFINITIONS = (
					"DEBUG=1",
					"$(inherited)",
				);
				GCC_WARN_64_TO_32_BIT_CONVERSION = YES;
				GCC_WARN_ABOUT_RETURN_TYPE = YES_ERROR;
				GCC_WARN_UNDECLARED_SELECTOR = YES;
				GCC_WARN_UNINITIALIZED_AUTOS = YES_AGGRESSIVE;
				GCC_WARN_UNUSED_FUNCTION = YES;
				GCC_WARN_UNUSED_VARIABLE = YES;
				IPHONEOS_DEPLOYMENT_TARGET = 12.1;
				MTL_ENABLE_DEBUG_INFO = INCLUDE_SOURCE;
				MTL_FAST_MATH = YES;
				ONLY_ACTIVE_ARCH = YES;
				SDKROOT = iphoneos;
				SWIFT_ACTIVE_COMPILATION_CONDITIONS = DEBUG;
				SWIFT_OPTIMIZATION_LEVEL = "-Onone";
			};
			name = Debug;
		};
		E5E7F6CB21AF627B0077CD15 /* Release */ = {
			isa = XCBuildConfiguration;
			buildSettings = {
				ALWAYS_SEARCH_USER_PATHS = NO;
				CLANG_ANALYZER_NONNULL = YES;
				CLANG_ANALYZER_NUMBER_OBJECT_CONVERSION = YES_AGGRESSIVE;
				CLANG_CXX_LANGUAGE_STANDARD = "gnu++14";
				CLANG_CXX_LIBRARY = "libc++";
				CLANG_ENABLE_MODULES = YES;
				CLANG_ENABLE_OBJC_ARC = YES;
				CLANG_ENABLE_OBJC_WEAK = YES;
				CLANG_WARN_BLOCK_CAPTURE_AUTORELEASING = YES;
				CLANG_WARN_BOOL_CONVERSION = YES;
				CLANG_WARN_COMMA = YES;
				CLANG_WARN_CONSTANT_CONVERSION = YES;
				CLANG_WARN_DEPRECATED_OBJC_IMPLEMENTATIONS = YES;
				CLANG_WARN_DIRECT_OBJC_ISA_USAGE = YES_ERROR;
				CLANG_WARN_DOCUMENTATION_COMMENTS = YES;
				CLANG_WARN_EMPTY_BODY = YES;
				CLANG_WARN_ENUM_CONVERSION = YES;
				CLANG_WARN_INFINITE_RECURSION = YES;
				CLANG_WARN_INT_CONVERSION = YES;
				CLANG_WARN_NON_LITERAL_NULL_CONVERSION = YES;
				CLANG_WARN_OBJC_IMPLICIT_RETAIN_SELF = YES;
				CLANG_WARN_OBJC_LITERAL_CONVERSION = YES;
				CLANG_WARN_OBJC_ROOT_CLASS = YES_ERROR;
				CLANG_WARN_RANGE_LOOP_ANALYSIS = YES;
				CLANG_WARN_STRICT_PROTOTYPES = YES;
				CLANG_WARN_SUSPICIOUS_MOVE = YES;
				CLANG_WARN_UNGUARDED_AVAILABILITY = YES_AGGRESSIVE;
				CLANG_WARN_UNREACHABLE_CODE = YES;
				CLANG_WARN__DUPLICATE_METHOD_MATCH = YES;
				CODE_SIGN_IDENTITY = "iPhone Developer";
				COPY_PHASE_STRIP = NO;
				DEBUG_INFORMATION_FORMAT = "dwarf-with-dsym";
				ENABLE_NS_ASSERTIONS = NO;
				ENABLE_STRICT_OBJC_MSGSEND = YES;
				GCC_C_LANGUAGE_STANDARD = gnu11;
				GCC_NO_COMMON_BLOCKS = YES;
				GCC_WARN_64_TO_32_BIT_CONVERSION = YES;
				GCC_WARN_ABOUT_RETURN_TYPE = YES_ERROR;
				GCC_WARN_UNDECLARED_SELECTOR = YES;
				GCC_WARN_UNINITIALIZED_AUTOS = YES_AGGRESSIVE;
				GCC_WARN_UNUSED_FUNCTION = YES;
				GCC_WARN_UNUSED_VARIABLE = YES;
				IPHONEOS_DEPLOYMENT_TARGET = 12.1;
				MTL_ENABLE_DEBUG_INFO = NO;
				MTL_FAST_MATH = YES;
				SDKROOT = iphoneos;
				SWIFT_COMPILATION_MODE = wholemodule;
				SWIFT_OPTIMIZATION_LEVEL = "-O";
				VALIDATE_PRODUCT = YES;
			};
			name = Release;
		};
		E5E7F6CD21AF627B0077CD15 /* Debug */ = {
			isa = XCBuildConfiguration;
			buildSettings = {
				ASSETCATALOG_COMPILER_APPICON_NAME = AppIcon;
				CODE_SIGN_STYLE = Automatic;
				DEVELOPMENT_TEAM = 9UGPKX3A64;
				INFOPLIST_FILE = "$(SRCROOT)/Skills/Supporting Files/Info.plist";
				LD_RUNPATH_SEARCH_PATHS = (
					"$(inherited)",
					"@executable_path/Frameworks",
				);
				PRODUCT_BUNDLE_IDENTIFIER = com.paulpela.Skills;
				PRODUCT_NAME = "$(TARGET_NAME)";
				SWIFT_VERSION = 4.2;
				TARGETED_DEVICE_FAMILY = "1,2";
			};
			name = Debug;
		};
		E5E7F6CE21AF627B0077CD15 /* Release */ = {
			isa = XCBuildConfiguration;
			buildSettings = {
				ASSETCATALOG_COMPILER_APPICON_NAME = AppIcon;
				CODE_SIGN_STYLE = Automatic;
				DEVELOPMENT_TEAM = 9UGPKX3A64;
				INFOPLIST_FILE = "$(SRCROOT)/Skills/Supporting Files/Info.plist";
				LD_RUNPATH_SEARCH_PATHS = (
					"$(inherited)",
					"@executable_path/Frameworks",
				);
				PRODUCT_BUNDLE_IDENTIFIER = com.paulpela.Skills;
				PRODUCT_NAME = "$(TARGET_NAME)";
				SWIFT_VERSION = 4.2;
				TARGETED_DEVICE_FAMILY = "1,2";
			};
			name = Release;
		};
/* End XCBuildConfiguration section */

/* Begin XCConfigurationList section */
		E5E7F6B321AF62790077CD15 /* Build configuration list for PBXProject "Skills" */ = {
			isa = XCConfigurationList;
			buildConfigurations = (
				E5E7F6CA21AF627B0077CD15 /* Debug */,
				E5E7F6CB21AF627B0077CD15 /* Release */,
			);
			defaultConfigurationIsVisible = 0;
			defaultConfigurationName = Release;
		};
		E5E7F6CC21AF627B0077CD15 /* Build configuration list for PBXNativeTarget "Skills" */ = {
			isa = XCConfigurationList;
			buildConfigurations = (
				E5E7F6CD21AF627B0077CD15 /* Debug */,
				E5E7F6CE21AF627B0077CD15 /* Release */,
			);
			defaultConfigurationIsVisible = 0;
			defaultConfigurationName = Release;
		};
/* End XCConfigurationList section */
	};
	rootObject = E5E7F6B021AF62790077CD15 /* Project object */;
}
